// !$*UTF8*$!
{
	archiveVersion = 1;
	classes = {
	};
	objectVersion = 50;
	objects = {

/* Begin PBXBuildFile section */
		52283E9F26F75868005667A3 /* AppDelegate.swift in Sources */ = {isa = PBXBuildFile; fileRef = 52283E9E26F75868005667A3 /* AppDelegate.swift */; };
		52283EA126F75868005667A3 /* SceneDelegate.swift in Sources */ = {isa = PBXBuildFile; fileRef = 52283EA026F75868005667A3 /* SceneDelegate.swift */; };
		52283EA326F75868005667A3 /* ViewController.swift in Sources */ = {isa = PBXBuildFile; fileRef = 52283EA226F75868005667A3 /* ViewController.swift */; };
		52283EA626F75868005667A3 /* Main.storyboard in Resources */ = {isa = PBXBuildFile; fileRef = 52283EA426F75868005667A3 /* Main.storyboard */; };
		52283EA926F75868005667A3 /* random_fact.xcdatamodeld in Sources */ = {isa = PBXBuildFile; fileRef = 52283EA726F75868005667A3 /* random_fact.xcdatamodeld */; };
		52283EAB26F75869005667A3 /* Assets.xcassets in Resources */ = {isa = PBXBuildFile; fileRef = 52283EAA26F75869005667A3 /* Assets.xcassets */; };
		52283EAE26F75869005667A3 /* LaunchScreen.storyboard in Resources */ = {isa = PBXBuildFile; fileRef = 52283EAC26F75869005667A3 /* LaunchScreen.storyboard */; };
		52283EB726F88E56005667A3 /* tableofFacts.json in Resources */ = {isa = PBXBuildFile; fileRef = 52283EB626F88E56005667A3 /* tableofFacts.json */; };
/* End PBXBuildFile section */

/* Begin PBXFileReference section */
		52283E9B26F75868005667A3 /* random fact.app */ = {isa = PBXFileReference; explicitFileType = wrapper.application; includeInIndex = 0; path = "random fact.app"; sourceTree = BUILT_PRODUCTS_DIR; };
		52283E9E26F75868005667A3 /* AppDelegate.swift */ = {isa = PBXFileReference; lastKnownFileType = sourcecode.swift; path = AppDelegate.swift; sourceTree = "<group>"; };
		52283EA026F75868005667A3 /* SceneDelegate.swift */ = {isa = PBXFileReference; lastKnownFileType = sourcecode.swift; path = SceneDelegate.swift; sourceTree = "<group>"; };
		52283EA226F75868005667A3 /* ViewController.swift */ = {isa = PBXFileReference; lastKnownFileType = sourcecode.swift; path = ViewController.swift; sourceTree = "<group>"; };
		52283EA526F75868005667A3 /* Base */ = {isa = PBXFileReference; lastKnownFileType = file.storyboard; name = Base; path = Base.lproj/Main.storyboard; sourceTree = "<group>"; };
		52283EA826F75868005667A3 /* random_fact.xcdatamodel */ = {isa = PBXFileReference; lastKnownFileType = wrapper.xcdatamodel; path = random_fact.xcdatamodel; sourceTree = "<group>"; };
		52283EAA26F75869005667A3 /* Assets.xcassets */ = {isa = PBXFileReference; lastKnownFileType = folder.assetcatalog; path = Assets.xcassets; sourceTree = "<group>"; };
		52283EAD26F75869005667A3 /* Base */ = {isa = PBXFileReference; lastKnownFileType = file.storyboard; name = Base; path = Base.lproj/LaunchScreen.storyboard; sourceTree = "<group>"; };
		52283EAF26F75869005667A3 /* Info.plist */ = {isa = PBXFileReference; lastKnownFileType = text.plist.xml; path = Info.plist; sourceTree = "<group>"; };
		52283EB626F88E56005667A3 /* tableofFacts.json */ = {isa = PBXFileReference; fileEncoding = 4; lastKnownFileType = text.json; path = tableofFacts.json; sourceTree = "<group>"; };
/* End PBXFileReference section */

/* Begin PBXFrameworksBuildPhase section */
		52283E9826F75868005667A3 /* Frameworks */ = {
			isa = PBXFrameworksBuildPhase;
			buildActionMask = 2147483647;
			files = (
			);
			runOnlyForDeploymentPostprocessing = 0;
		};
/* End PBXFrameworksBuildPhase section */

/* Begin PBXGroup section */
		52283E9226F75868005667A3 = {
			isa = PBXGroup;
			children = (
				52283E9D26F75868005667A3 /* random fact */,
				52283E9C26F75868005667A3 /* Products */,
			);
			sourceTree = "<group>";
		};
		52283E9C26F75868005667A3 /* Products */ = {
			isa = PBXGroup;
			children = (
				52283E9B26F75868005667A3 /* random fact.app */,
			);
			name = Products;
			sourceTree = "<group>";
		};
		52283E9D26F75868005667A3 /* random fact */ = {
			isa = PBXGroup;
			children = (
				52283EB626F88E56005667A3 /* tableofFacts.json */,
				52283E9E26F75868005667A3 /* AppDelegate.swift */,
				52283EA026F75868005667A3 /* SceneDelegate.swift */,
				52283EA226F75868005667A3 /* ViewController.swift */,
				52283EA426F75868005667A3 /* Main.storyboard */,
				52283EAA26F75869005667A3 /* Assets.xcassets */,
				52283EAC26F75869005667A3 /* LaunchScreen.storyboard */,
				52283EAF26F75869005667A3 /* Info.plist */,
				52283EA726F75868005667A3 /* random_fact.xcdatamodeld */,
			);
			path = "random fact";
			sourceTree = "<group>";
		};
/* End PBXGroup section */

/* Begin PBXNativeTarget section */
		52283E9A26F75868005667A3 /* random fact */ = {
			isa = PBXNativeTarget;
			buildConfigurationList = 52283EB226F75869005667A3 /* Build configuration list for PBXNativeTarget "random fact" */;
			buildPhases = (
				52283E9726F75868005667A3 /* Sources */,
				52283E9826F75868005667A3 /* Frameworks */,
				52283E9926F75868005667A3 /* Resources */,
			);
			buildRules = (
			);
			dependencies = (
			);
			name = "random fact";
			productName = "random fact";
			productReference = 52283E9B26F75868005667A3 /* random fact.app */;
			productType = "com.apple.product-type.application";
		};
/* End PBXNativeTarget section */

/* Begin PBXProject section */
		52283E9326F75868005667A3 /* Project object */ = {
			isa = PBXProject;
			attributes = {
				LastSwiftUpdateCheck = 1240;
				LastUpgradeCheck = 1240;
				TargetAttributes = {
					52283E9A26F75868005667A3 = {
						CreatedOnToolsVersion = 12.4;
					};
				};
			};
			buildConfigurationList = 52283E9626F75868005667A3 /* Build configuration list for PBXProject "random fact" */;
			compatibilityVersion = "Xcode 9.3";
			developmentRegion = en;
			hasScannedForEncodings = 0;
			knownRegions = (
				en,
				Base,
			);
			mainGroup = 52283E9226F75868005667A3;
			productRefGroup = 52283E9C26F75868005667A3 /* Products */;
			projectDirPath = "";
			projectRoot = "";
			targets = (
				52283E9A26F75868005667A3 /* random fact */,
			);
		};
/* End PBXProject section */

/* Begin PBXResourcesBuildPhase section */
		52283E9926F75868005667A3 /* Resources */ = {
			isa = PBXResourcesBuildPhase;
			buildActionMask = 2147483647;
			files = (
				52283EAE26F75869005667A3 /* LaunchScreen.storyboard in Resources */,
				52283EAB26F75869005667A3 /* Assets.xcassets in Resources */,
				52283EA626F75868005667A3 /* Main.storyboard in Resources */,
				52283EB726F88E56005667A3 /* tableofFacts.json in Resources */,
			);
			runOnlyForDeploymentPostprocessing = 0;
		};
/* End PBXResourcesBuildPhase section */

/* Begin PBXSourcesBuildPhase section */
		52283E9726F75868005667A3 /* Sources */ = {
			isa = PBXSourcesBuildPhase;
			buildActionMask = 2147483647;
			files = (
				52283EA326F75868005667A3 /* ViewController.swift in Sources */,
				52283E9F26F75868005667A3 /* AppDelegate.swift in Sources */,
				52283EA926F75868005667A3 /* random_fact.xcdatamodeld in Sources */,
				52283EA126F75868005667A3 /* SceneDelegate.swift in Sources */,
			);
			runOnlyForDeploymentPostprocessing = 0;
		};
/* End PBXSourcesBuildPhase section */

/* Begin PBXVariantGroup section */
		52283EA426F75868005667A3 /* Main.storyboard */ = {
			isa = PBXVariantGroup;
			children = (
				52283EA526F75868005667A3 /* Base */,
			);
			name = Main.storyboard;
			sourceTree = "<group>";
		};
		52283EAC26F75869005667A3 /* LaunchScreen.storyboard */ = {
			isa = PBXVariantGroup;
			children = (
				52283EAD26F75869005667A3 /* Base */,
			);
			name = LaunchScreen.storyboard;
			sourceTree = "<group>";
		};
/* End PBXVariantGroup section */

/* Begin XCBuildConfiguration section */
		52283EB026F75869005667A3 /* Debug */ = {
			isa = XCBuildConfiguration;
			buildSettings = {
				ALWAYS_SEARCH_USER_PATHS = NO;
				CLANG_ANALYZER_NONNULL = YES;
				CLANG_ANALYZER_NUMBER_OBJECT_CONVERSION = YES_AGGRESSIVE;
				CLANG_CXX_LANGUAGE_STANDARD = "gnu++14";
				CLANG_CXX_LIBRARY = "libc++";
				CLANG_ENABLE_MODULES = YES;
				CLANG_ENABLE_OBJC_ARC = YES;
				CLANG_ENABLE_OBJC_WEAK = YES;
				CLANG_WARN_BLOCK_CAPTURE_AUTORELEASING = YES;
				CLANG_WARN_BOOL_CONVERSION = YES;
				CLANG_WARN_COMMA = YES;
				CLANG_WARN_CONSTANT_CONVERSION = YES;
				CLANG_WARN_DEPRECATED_OBJC_IMPLEMENTATIONS = YES;
				CLANG_WARN_DIRECT_OBJC_ISA_USAGE = YES_ERROR;
				CLANG_WARN_DOCUMENTATION_COMMENTS = YES;
				CLANG_WARN_EMPTY_BODY = YES;
				CLANG_WARN_ENUM_CONVERSION = YES;
				CLANG_WARN_INFINITE_RECURSION = YES;
				CLANG_WARN_INT_CONVERSION = YES;
				CLANG_WARN_NON_LITERAL_NULL_CONVERSION = YES;
				CLANG_WARN_OBJC_IMPLICIT_RETAIN_SELF = YES;
				CLANG_WARN_OBJC_LITERAL_CONVERSION = YES;
				CLANG_WARN_OBJC_ROOT_CLASS = YES_ERROR;
				CLANG_WARN_QUOTED_INCLUDE_IN_FRAMEWORK_HEADER = YES;
				CLANG_WARN_RANGE_LOOP_ANALYSIS = YES;
				CLANG_WARN_STRICT_PROTOTYPES = YES;
				CLANG_WARN_SUSPICIOUS_MOVE = YES;
				CLANG_WARN_UNGUARDED_AVAILABILITY = YES_AGGRESSIVE;
				CLANG_WARN_UNREACHABLE_CODE = YES;
				CLANG_WARN__DUPLICATE_METHOD_MATCH = YES;
				COPY_PHASE_STRIP = NO;
				DEBUG_INFORMATION_FORMAT = dwarf;
				ENABLE_STRICT_OBJC_MSGSEND = YES;
				ENABLE_TESTABILITY = YES;
				GCC_C_LANGUAGE_STANDARD = gnu11;
				GCC_DYNAMIC_NO_PIC = NO;
				GCC_NO_COMMON_BLOCKS = YES;
				GCC_OPTIMIZATION_LEVEL = 0;
				GCC_PREPROCESSOR_DEFINITIONS = (
					"DEBUG=1",
					"$(inherited)",
				);
				GCC_WARN_64_TO_32_BIT_CONVERSION = YES;
				GCC_WARN_ABOUT_RETURN_TYPE = YES_ERROR;
				GCC_WARN_UNDECLARED_SELECTOR = YES;
				GCC_WARN_UNINITIALIZED_AUTOS = YES_AGGRESSIVE;
				GCC_WARN_UNUSED_FUNCTION = YES;
				GCC_WARN_UNUSED_VARIABLE = YES;
				IPHONEOS_DEPLOYMENT_TARGET = 14.4;
				MTL_ENABLE_DEBUG_INFO = INCLUDE_SOURCE;
				MTL_FAST_MATH = YES;
				ONLY_ACTIVE_ARCH = YES;
				SDKROOT = iphoneos;
				SWIFT_ACTIVE_COMPILATION_CONDITIONS = DEBUG;
				SWIFT_OPTIMIZATION_LEVEL = "-Onone";
			};
			name = Debug;
		};
		52283EB126F75869005667A3 /* Release */ = {
			isa = XCBuildConfiguration;
			buildSettings = {
				ALWAYS_SEARCH_USER_PATHS = NO;
				CLANG_ANALYZER_NONNULL = YES;
				CLANG_ANALYZER_NUMBER_OBJECT_CONVERSION = YES_AGGRESSIVE;
				CLANG_CXX_LANGUAGE_STANDARD = "gnu++14";
				CLANG_CXX_LIBRARY = "libc++";
				CLANG_ENABLE_MODULES = YES;
				CLANG_ENABLE_OBJC_ARC = YES;
				CLANG_ENABLE_OBJC_WEAK = YES;
				CLANG_WARN_BLOCK_CAPTURE_AUTORELEASING = YES;
				CLANG_WARN_BOOL_CONVERSION = YES;
				CLANG_WARN_COMMA = YES;
				CLANG_WARN_CONSTANT_CONVERSION = YES;
				CLANG_WARN_DEPRECATED_OBJC_IMPLEMENTATIONS = YES;
				CLANG_WARN_DIRECT_OBJC_ISA_USAGE = YES_ERROR;
				CLANG_WARN_DOCUMENTATION_COMMENTS = YES;
				CLANG_WARN_EMPTY_BODY = YES;
				CLANG_WARN_ENUM_CONVERSION = YES;
				CLANG_WARN_INFINITE_RECURSION = YES;
				CLANG_WARN_INT_CONVERSION = YES;
				CLANG_WARN_NON_LITERAL_NULL_CONVERSION = YES;
				CLANG_WARN_OBJC_IMPLICIT_RETAIN_SELF = YES;
				CLANG_WARN_OBJC_LITERAL_CONVERSION = YES;
				CLANG_WARN_OBJC_ROOT_CLASS = YES_ERROR;
				CLANG_WARN_QUOTED_INCLUDE_IN_FRAMEWORK_HEADER = YES;
				CLANG_WARN_RANGE_LOOP_ANALYSIS = YES;
				CLANG_WARN_STRICT_PROTOTYPES = YES;
				CLANG_WARN_SUSPICIOUS_MOVE = YES;
				CLANG_WARN_UNGUARDED_AVAILABILITY = YES_AGGRESSIVE;
				CLANG_WARN_UNREACHABLE_CODE = YES;
				CLANG_WARN__DUPLICATE_METHOD_MATCH = YES;
				COPY_PHASE_STRIP = NO;
				DEBUG_INFORMATION_FORMAT = "dwarf-with-dsym";
				ENABLE_NS_ASSERTIONS = NO;
				ENABLE_STRICT_OBJC_MSGSEND = YES;
				GCC_C_LANGUAGE_STANDARD = gnu11;
				GCC_NO_COMMON_BLOCKS = YES;
				GCC_WARN_64_TO_32_BIT_CONVERSION = YES;
				GCC_WARN_ABOUT_RETURN_TYPE = YES_ERROR;
				GCC_WARN_UNDECLARED_SELECTOR = YES;
				GCC_WARN_UNINITIALIZED_AUTOS = YES_AGGRESSIVE;
				GCC_WARN_UNUSED_FUNCTION = YES;
				GCC_WARN_UNUSED_VARIABLE = YES;
				IPHONEOS_DEPLOYMENT_TARGET = 14.4;
				MTL_ENABLE_DEBUG_INFO = NO;
				MTL_FAST_MATH = YES;
				SDKROOT = iphoneos;
				SWIFT_COMPILATION_MODE = wholemodule;
				SWIFT_OPTIMIZATION_LEVEL = "-O";
				VALIDATE_PRODUCT = YES;
			};
			name = Release;
		};
		52283EB326F75869005667A3 /* Debug */ = {
			isa = XCBuildConfiguration;
			buildSettings = {
				ASSETCATALOG_COMPILER_APPICON_NAME = AppIcon;
				ASSETCATALOG_COMPILER_GLOBAL_ACCENT_COLOR_NAME = AccentColor;
				CODE_SIGN_STYLE = Automatic;
				DEVELOPMENT_TEAM = D9GF65L879;
				INFOPLIST_FILE = "random fact/Info.plist";
				LD_RUNPATH_SEARCH_PATHS = (
					"$(inherited)",
					"@executable_path/Frameworks",
				);
				PRODUCT_BUNDLE_IDENTIFIER = "com.houcem.random-fact";
				PRODUCT_NAME = "$(TARGET_NAME)";
				SWIFT_VERSION = 5.0;
				TARGETED_DEVICE_FAMILY = "1,2";
			};
			name = Debug;
		};
		52283EB426F75869005667A3 /* Release */ = {
			isa = XCBuildConfiguration;
			buildSettings = {
				ASSETCATALOG_COMPILER_APPICON_NAME = AppIcon;
				ASSETCATALOG_COMPILER_GLOBAL_ACCENT_COLOR_NAME = AccentColor;
				CODE_SIGN_STYLE = Automatic;
				DEVELOPMENT_TEAM = D9GF65L879;
				INFOPLIST_FILE = "random fact/Info.plist";
				LD_RUNPATH_SEARCH_PATHS = (
					"$(inherited)",
					"@executable_path/Frameworks",
				);
				PRODUCT_BUNDLE_IDENTIFIER = "com.houcem.random-fact";
				PRODUCT_NAME = "$(TARGET_NAME)";
				SWIFT_VERSION = 5.0;
				TARGETED_DEVICE_FAMILY = "1,2";
			};
			name = Release;
		};
/* End XCBuildConfiguration section */

/* Begin XCConfigurationList section */
		52283E9626F75868005667A3 /* Build configuration list for PBXProject "random fact" */ = {
			isa = XCConfigurationList;
			buildConfigurations = (
				52283EB026F75869005667A3 /* Debug */,
				52283EB126F75869005667A3 /* Release */,
			);
			defaultConfigurationIsVisible = 0;
			defaultConfigurationName = Release;
		};
		52283EB226F75869005667A3 /* Build configuration list for PBXNativeTarget "random fact" */ = {
			isa = XCConfigurationList;
			buildConfigurations = (
				52283EB326F75869005667A3 /* Debug */,
				52283EB426F75869005667A3 /* Release */,
			);
			defaultConfigurationIsVisible = 0;
			defaultConfigurationName = Release;
		};
/* End XCConfigurationList section */

/* Begin XCVersionGroup section */
		52283EA726F75868005667A3 /* random_fact.xcdatamodeld */ = {
			isa = XCVersionGroup;
			children = (
				52283EA826F75868005667A3 /* random_fact.xcdatamodel */,
			);
			currentVersion = 52283EA826F75868005667A3 /* random_fact.xcdatamodel */;
			path = random_fact.xcdatamodeld;
			sourceTree = "<group>";
			versionGroupType = wrapper.xcdatamodel;
		};
/* End XCVersionGroup section */
	};
	rootObject = 52283E9326F75868005667A3 /* Project object */;
}
